{
  "lockfileVersion": 1,
  "workspaces": {
    "": {
      "dependencies": {
        "color": "^5.0.2",
      },
    },
  },
  "packages": {
    "color": ["color@5.0.2", "", { "dependencies": { "color-convert": "^3.0.1", "color-string": "^2.0.0" } }, "sha512-e2hz5BzbUPcYlIRHo8ieAhYgoajrJr+hWoceg6E345TPsATMUKqDgzt8fSXZJJbxfpiPzkWyphz8yn8At7q3fA=="],

    "color-convert": ["color-convert@3.1.2", "", { "dependencies": { "color-name": "^2.0.0" } }, "sha512-UNqkvCDXstVck3kdowtOTWROIJQwafjOfXSmddoDrXo4cewMKmusCeF22Q24zvjR8nwWib/3S/dfyzPItPEiJg=="],

    "color-name": ["color-name@2.0.2", "", {}, "sha512-9vEt7gE16EW7Eu7pvZnR0abW9z6ufzhXxGXZEVU9IqPdlsUiMwJeJfRtq0zePUmnbHGT9zajca7mX8zgoayo4A=="],

    "color-string": ["color-string@2.1.2", "", { "dependencies": { "color-name": "^2.0.0" } }, "sha512-RxmjYxbWemV9gKu4zPgiZagUxbH3RQpEIO77XoSSX0ivgABDZ+h8Zuash/EMFLTI4N9QgFPOJ6JQpPZKFxa+dA=="],
  }
}
